{
  "name": "myapp",
  "version": "1.0.0",
  "lockfileVersion": 3,
  "requires": true,
  "packages": {
    "": {
      "name": "myapp",
      "version": "1.0.0",
      "license": "ISC",
      "dependencies": {
        "@matheus-santos-souza/fluentsql": "^2.0.0"
      }
    },
    "node_modules/@matheus-santos-souza/fluentsql": {
      "version": "2.0.0",
      "resolved": "https://registry.npmjs.org/@matheus-santos-souza/fluentsql/-/fluentsql-2.0.0.tgz",
      "integrity": "sha512-3YsT8umW3iAZgKngiu/RQ/otKS6fn5lguI0SVbxfakNBRwVYr/W+I+2vbDb7Ux0AHjk41F7eNYDiTMdElNN6nQ=="
    }
  }
}
